
Microsoft Visual Studio Solution File, Format Version 12.00
# Visual Studio Version 16
VisualStudioVersion = 16.0.30011.22
MinimumVisualStudioVersion = 10.0.40219.1
Project("{FAE04EC0-301F-11D3-BF4B-00C04F79EFBC}") = "CustomCrude", "CustomCrude\CustomCrude.csproj", "{9660527A-5686-4935-BC28-02B6A9BDA684}"
EndProject
Global
	GlobalSection(SolutionConfigurationPlatforms) = preSolution
		Debug|Any CPU = Debug|Any CPU
		Release|Any CPU = Release|Any CPU
	EndGlobalSection
	GlobalSection(ProjectConfigurationPlatforms) = postSolution
		{9660527A-5686-4935-BC28-02B6A9BDA684}.Debug|Any CPU.ActiveCfg = Debug|Any CPU
		{9660527A-5686-4935-BC28-02B6A9BDA684}.Debug|Any CPU.Build.0 = Debug|Any CPU
		{9660527A-5686-4935-BC28-02B6A9BDA684}.Release|Any CPU.ActiveCfg = Release|Any CPU
		{9660527A-5686-4935-BC28-02B6A9BDA684}.Release|Any CPU.Build.0 = Release|Any CPU
	EndGlobalSection
	GlobalSection(SolutionProperties) = preSolution
		HideSolutionNode = FALSE
	EndGlobalSection
	GlobalSection(ExtensibilityGlobals) = postSolution
		SolutionGuid = {7F57BB40-34AB-42FF-9F81-DE7CF0D6B386}
	EndGlobalSection
EndGlobal
